
Microsoft Visual Studio Solution File, Format Version 12.00
# Visual Studio Version 17
VisualStudioVersion = 17.14.36212.18 d17.14
MinimumVisualStudioVersion = 10.0.40219.1
Project("{E24C65DC-7377-472B-9ABA-BC803B73C61A}") = "TrabalhodeEcoVida", "TrabalhodeEcoVida\", "{CB045CF0-2C72-98A6-9CAF-18086CDAFDBC}"
	ProjectSection(WebsiteProperties) = preProject
		TargetFrameworkMoniker = ".NETFramework,Version%3Dv4.7.2"
		Debug.AspNetCompiler.VirtualPath = "/localhost_51862"
		Debug.AspNetCompiler.PhysicalPath = "TrabalhodeEcoVida\"
		Debug.AspNetCompiler.TargetPath = "PrecompiledWeb\localhost_51862\"
		Debug.AspNetCompiler.Updateable = "true"
		Debug.AspNetCompiler.ForceOverwrite = "true"
		Debug.AspNetCompiler.FixedNames = "false"
		Debug.AspNetCompiler.Debug = "True"
		Release.AspNetCompiler.VirtualPath = "/localhost_51862"
		Release.AspNetCompiler.PhysicalPath = "TrabalhodeEcoVida\"
		Release.AspNetCompiler.TargetPath = "PrecompiledWeb\localhost_51862\"
		Release.AspNetCompiler.Updateable = "true"
		Release.AspNetCompiler.ForceOverwrite = "true"
		Release.AspNetCompiler.FixedNames = "false"
		Release.AspNetCompiler.Debug = "False"
		VWDPort = "51862"
		SlnRelativePath = "TrabalhodeEcoVida\"
		DefaultWebSiteLanguage = "Visual Basic"
	EndProjectSection
EndProject
Global
	GlobalSection(SolutionConfigurationPlatforms) = preSolution
		Debug|Any CPU = Debug|Any CPU
	EndGlobalSection
	GlobalSection(ProjectConfigurationPlatforms) = postSolution
		{CB045CF0-2C72-98A6-9CAF-18086CDAFDBC}.Debug|Any CPU.ActiveCfg = Debug|Any CPU
		{CB045CF0-2C72-98A6-9CAF-18086CDAFDBC}.Debug|Any CPU.Build.0 = Debug|Any CPU
	EndGlobalSection
	GlobalSection(SolutionProperties) = preSolution
		HideSolutionNode = FALSE
	EndGlobalSection
	GlobalSection(ExtensibilityGlobals) = postSolution
		SolutionGuid = {CB408B75-04A0-4A46-AE2E-B159D6A6E3F1}
	EndGlobalSection
EndGlobal
